
Microsoft Visual Studio Solution File, Format Version 12.00
# Visual Studio Version 17
VisualStudioVersion = 17.11.35327.3
MinimumVisualStudioVersion = 10.0.40219.1
Project("{FAE04EC0-301F-11D3-BF4B-00C04F79EFBC}") = "Carglass.Api", "Carglass.Api\Carglass.Api.csproj", "{AEF86E22-6754-4BE7-9374-43EF0E5E1997}"
EndProject
Project("{2150E333-8FDC-42A3-9474-1A3956D46DE8}") = "Application", "Application", "{D2FC4C59-87C0-4B02-8445-765BCDF22FC8}"
EndProject
Project("{FAE04EC0-301F-11D3-BF4B-00C04F79EFBC}") = "Carglass.Entities", "Carglass.Entities\Carglass.Entities.csproj", "{FFB3172D-9768-46E2-8916-41EAD17CBCA2}"
EndProject
Project("{2150E333-8FDC-42A3-9474-1A3956D46DE8}") = "Domain", "Domain", "{BD8F5354-C962-4EFC-A589-E438DF270AAD}"
EndProject
Project("{FAE04EC0-301F-11D3-BF4B-00C04F79EFBC}") = "Carglass.Service", "Carglass.Service\Carglass.Service.csproj", "{A4613087-5508-4622-96B7-3B6D711AF11F}"
EndProject
Project("{2150E333-8FDC-42A3-9474-1A3956D46DE8}") = "Infra", "Infra", "{68F20351-3810-4C7F-8611-EDDF96BD8954}"
EndProject
Project("{FAE04EC0-301F-11D3-BF4B-00C04F79EFBC}") = "Carglass.Tests", "Carglass.Tests\Carglass.Tests.csproj", "{0C5AD377-18B7-4518-BD1F-7D3E1DC6A42D}"
EndProject
Project("{2150E333-8FDC-42A3-9474-1A3956D46DE8}") = "Tests", "Tests", "{7595B43E-3754-40A7-AF5E-74EADAC48431}"
EndProject
Global
	GlobalSection(SolutionConfigurationPlatforms) = preSolution
		Debug|Any CPU = Debug|Any CPU
		Release|Any CPU = Release|Any CPU
	EndGlobalSection
	GlobalSection(ProjectConfigurationPlatforms) = postSolution
		{AEF86E22-6754-4BE7-9374-43EF0E5E1997}.Debug|Any CPU.ActiveCfg = Debug|Any CPU
		{AEF86E22-6754-4BE7-9374-43EF0E5E1997}.Debug|Any CPU.Build.0 = Debug|Any CPU
		{AEF86E22-6754-4BE7-9374-43EF0E5E1997}.Release|Any CPU.ActiveCfg = Release|Any CPU
		{AEF86E22-6754-4BE7-9374-43EF0E5E1997}.Release|Any CPU.Build.0 = Release|Any CPU
		{FFB3172D-9768-46E2-8916-41EAD17CBCA2}.Debug|Any CPU.ActiveCfg = Debug|Any CPU
		{FFB3172D-9768-46E2-8916-41EAD17CBCA2}.Debug|Any CPU.Build.0 = Debug|Any CPU
		{FFB3172D-9768-46E2-8916-41EAD17CBCA2}.Release|Any CPU.ActiveCfg = Release|Any CPU
		{FFB3172D-9768-46E2-8916-41EAD17CBCA2}.Release|Any CPU.Build.0 = Release|Any CPU
		{A4613087-5508-4622-96B7-3B6D711AF11F}.Debug|Any CPU.ActiveCfg = Debug|Any CPU
		{A4613087-5508-4622-96B7-3B6D711AF11F}.Debug|Any CPU.Build.0 = Debug|Any CPU
		{A4613087-5508-4622-96B7-3B6D711AF11F}.Release|Any CPU.ActiveCfg = Release|Any CPU
		{A4613087-5508-4622-96B7-3B6D711AF11F}.Release|Any CPU.Build.0 = Release|Any CPU
		{0C5AD377-18B7-4518-BD1F-7D3E1DC6A42D}.Debug|Any CPU.ActiveCfg = Debug|Any CPU
		{0C5AD377-18B7-4518-BD1F-7D3E1DC6A42D}.Debug|Any CPU.Build.0 = Debug|Any CPU
		{0C5AD377-18B7-4518-BD1F-7D3E1DC6A42D}.Release|Any CPU.ActiveCfg = Release|Any CPU
		{0C5AD377-18B7-4518-BD1F-7D3E1DC6A42D}.Release|Any CPU.Build.0 = Release|Any CPU
	EndGlobalSection
	GlobalSection(SolutionProperties) = preSolution
		HideSolutionNode = FALSE
	EndGlobalSection
	GlobalSection(NestedProjects) = preSolution
		{AEF86E22-6754-4BE7-9374-43EF0E5E1997} = {D2FC4C59-87C0-4B02-8445-765BCDF22FC8}
		{FFB3172D-9768-46E2-8916-41EAD17CBCA2} = {BD8F5354-C962-4EFC-A589-E438DF270AAD}
		{A4613087-5508-4622-96B7-3B6D711AF11F} = {68F20351-3810-4C7F-8611-EDDF96BD8954}
		{0C5AD377-18B7-4518-BD1F-7D3E1DC6A42D} = {7595B43E-3754-40A7-AF5E-74EADAC48431}
	EndGlobalSection
	GlobalSection(ExtensibilityGlobals) = postSolution
		SolutionGuid = {27978AB6-47E0-4FFE-B783-BD693E607BF5}
	EndGlobalSection
EndGlobal
